
Microsoft Visual Studio Solution File, Format Version 12.00
# Visual Studio 15
VisualStudioVersion = 15.0.27703.2035
MinimumVisualStudioVersion = 10.0.40219.1
Project("{9A19103F-16F7-4668-BE54-9A1E7A4F7556}") = "MyFirstRestApi", "MyFirstRestApi\MyFirstRestApi.csproj", "{AFFD50B8-2C47-4DCC-989F-7CA7E313D82F}"
EndProject
Project("{9A19103F-16F7-4668-BE54-9A1E7A4F7556}") = "MyFirstRestApi.Contract", "MyFirstRestApi.Contract\MyFirstRestApi.Contract.csproj", "{89A49C5F-79B5-4796-BBED-35B1A721E316}"
EndProject
Project("{2150E333-8FDC-42A3-9474-1A3956D46DE8}") = "Solution Items", "Solution Items", "{6513942D-71C8-40C0-8F39-8EB1B8EE34E6}"
EndProject
Project("{9A19103F-16F7-4668-BE54-9A1E7A4F7556}") = "MyFirstRestApi.Client", "MyFirstRestApi.Client\MyFirstRestApi.Client.csproj", "{96FBECEA-4B14-4C39-981B-338733B8A0DA}"
EndProject
Global
	GlobalSection(SolutionConfigurationPlatforms) = preSolution
		Debug|Any CPU = Debug|Any CPU
		Release|Any CPU = Release|Any CPU
	EndGlobalSection
	GlobalSection(ProjectConfigurationPlatforms) = postSolution
		{AFFD50B8-2C47-4DCC-989F-7CA7E313D82F}.Debug|Any CPU.ActiveCfg = Debug|Any CPU
		{AFFD50B8-2C47-4DCC-989F-7CA7E313D82F}.Debug|Any CPU.Build.0 = Debug|Any CPU
		{AFFD50B8-2C47-4DCC-989F-7CA7E313D82F}.Release|Any CPU.ActiveCfg = Release|Any CPU
		{AFFD50B8-2C47-4DCC-989F-7CA7E313D82F}.Release|Any CPU.Build.0 = Release|Any CPU
		{89A49C5F-79B5-4796-BBED-35B1A721E316}.Debug|Any CPU.ActiveCfg = Debug|Any CPU
		{89A49C5F-79B5-4796-BBED-35B1A721E316}.Debug|Any CPU.Build.0 = Debug|Any CPU
		{89A49C5F-79B5-4796-BBED-35B1A721E316}.Release|Any CPU.ActiveCfg = Release|Any CPU
		{89A49C5F-79B5-4796-BBED-35B1A721E316}.Release|Any CPU.Build.0 = Release|Any CPU
		{96FBECEA-4B14-4C39-981B-338733B8A0DA}.Debug|Any CPU.ActiveCfg = Debug|Any CPU
		{96FBECEA-4B14-4C39-981B-338733B8A0DA}.Debug|Any CPU.Build.0 = Debug|Any CPU
		{96FBECEA-4B14-4C39-981B-338733B8A0DA}.Release|Any CPU.ActiveCfg = Release|Any CPU
		{96FBECEA-4B14-4C39-981B-338733B8A0DA}.Release|Any CPU.Build.0 = Release|Any CPU
	EndGlobalSection
	GlobalSection(SolutionProperties) = preSolution
		HideSolutionNode = FALSE
	EndGlobalSection
	GlobalSection(ExtensibilityGlobals) = postSolution
		SolutionGuid = {20E91B86-A3FB-4AD4-B767-0B282247C3F9}
	EndGlobalSection
EndGlobal
